
Microsoft Visual Studio Solution File, Format Version 12.00
# Visual Studio Version 17
VisualStudioVersion = 17.5.33502.453
MinimumVisualStudioVersion = 10.0.40219.1
Project("{9A19103F-16F7-4668-BE54-9A1E7A4F7556}") = "Homework_4", "Homework_4.csproj", "{52BE0A5D-EA22-4AC1-82E7-20EC78F936AA}"
EndProject
Project("{2150E333-8FDC-42A3-9474-1A3956D46DE8}") = "Turnip", "Turnip", "{5134692A-F3EE-4F22-BC92-76BE043A86BB}"
EndProject
Project("{FAE04EC0-301F-11D3-BF4B-00C04F79EFBC}") = "Turnip", "..\Turnip\Turnip.csproj", "{504E8229-8EDD-4A9E-AB55-66BD7F68A6BC}"
EndProject
Project("{9A19103F-16F7-4668-BE54-9A1E7A4F7556}") = "Bank", "..\Bank\Bank.csproj", "{9F69D952-04F0-435F-83D3-5F943AE3CAB4}"
EndProject
Global
	GlobalSection(SolutionConfigurationPlatforms) = preSolution
		Debug|Any CPU = Debug|Any CPU
		Release|Any CPU = Release|Any CPU
	EndGlobalSection
	GlobalSection(ProjectConfigurationPlatforms) = postSolution
		{52BE0A5D-EA22-4AC1-82E7-20EC78F936AA}.Debug|Any CPU.ActiveCfg = Debug|Any CPU
		{52BE0A5D-EA22-4AC1-82E7-20EC78F936AA}.Debug|Any CPU.Build.0 = Debug|Any CPU
		{52BE0A5D-EA22-4AC1-82E7-20EC78F936AA}.Release|Any CPU.ActiveCfg = Release|Any CPU
		{52BE0A5D-EA22-4AC1-82E7-20EC78F936AA}.Release|Any CPU.Build.0 = Release|Any CPU
		{504E8229-8EDD-4A9E-AB55-66BD7F68A6BC}.Debug|Any CPU.ActiveCfg = Debug|Any CPU
		{504E8229-8EDD-4A9E-AB55-66BD7F68A6BC}.Debug|Any CPU.Build.0 = Debug|Any CPU
		{504E8229-8EDD-4A9E-AB55-66BD7F68A6BC}.Release|Any CPU.ActiveCfg = Release|Any CPU
		{504E8229-8EDD-4A9E-AB55-66BD7F68A6BC}.Release|Any CPU.Build.0 = Release|Any CPU
		{9F69D952-04F0-435F-83D3-5F943AE3CAB4}.Debug|Any CPU.ActiveCfg = Debug|Any CPU
		{9F69D952-04F0-435F-83D3-5F943AE3CAB4}.Debug|Any CPU.Build.0 = Debug|Any CPU
		{9F69D952-04F0-435F-83D3-5F943AE3CAB4}.Release|Any CPU.ActiveCfg = Release|Any CPU
		{9F69D952-04F0-435F-83D3-5F943AE3CAB4}.Release|Any CPU.Build.0 = Release|Any CPU
	EndGlobalSection
	GlobalSection(SolutionProperties) = preSolution
		HideSolutionNode = FALSE
	EndGlobalSection
	GlobalSection(NestedProjects) = preSolution
		{504E8229-8EDD-4A9E-AB55-66BD7F68A6BC} = {5134692A-F3EE-4F22-BC92-76BE043A86BB}
	EndGlobalSection
	GlobalSection(ExtensibilityGlobals) = postSolution
		SolutionGuid = {15BD9F7B-E234-4EC2-95AE-E8A16B1A8689}
	EndGlobalSection
EndGlobal
